{
  "nodes": {
    "nixpkgs": {
      "locked": {
        "lastModified": 1781607440,
        "narHash": "sha256-rxO+uc/KFbSJp+pgyXRuAX6QlG9hJdnt0BXpEQRXY+U=",
        "owner": "NixOS",
        "repo": "nixpkgs",
        "rev": "3e41b24abd260e8f71dbe2f5737d24122f972158",
        "type": "github"
      },
      "original": {
        "owner": "NixOS",
        "ref": "nixpkgs-unstable",
        "repo": "nixpkgs",
        "type": "github"
      }
    },
    "nixpkgs_2": {
      "locked": {
        "lastModified": 1780365719,
        "narHash": "sha256-QfWfccTN+70ZQ4m2qlU9PiKfz2Yppq94058iJyARNwc=",
        "owner": "NixOS",
        "repo": "nixpkgs",
        "rev": "ffa10e26ae11d676b2db836259889f1f571cb14f",
        "type": "github"
      },
      "original": {
        "owner": "NixOS",
        "ref": "nixpkgs-unstable",
        "repo": "nixpkgs",
        "type": "github"
      }
    },
    "root": {
      "inputs": {
        "nixpkgs": "nixpkgs",
        "scarlet-rust-toolchain": "scarlet-rust-toolchain"
      }
    },
    "rust-overlay": {
      "inputs": {
        "nixpkgs": [
          "scarlet-rust-toolchain",
          "nixpkgs"
        ]
      },
      "locked": {
        "lastModified": 1780715792,
        "narHash": "sha256-4+8gPeiPeud89mjo865RwpqmKwa1MThRsq2SvRxo7mg=",
        "owner": "oxalica",
        "repo": "rust-overlay",
        "rev": "27b7e78c6935293ee868469cc4172e9b8b17823b",
        "type": "github"
      },
      "original": {
        "owner": "oxalica",
        "repo": "rust-overlay",
        "type": "github"
      }
    },
    "scarlet-rust-toolchain": {
      "inputs": {
        "nixpkgs": "nixpkgs_2",
        "rust-overlay": "rust-overlay"
      },
      "locked": {
        "lastModified": 1781616333,
        "narHash": "sha256-oMWBZAa3GkcJHBkdcWcSf99x8Nu0azHa8ilvaLVP5Cc=",
        "owner": "petitstrawberry",
        "repo": "scarlet-rust-nix",
        "rev": "4aabad72da5827cdc992b51c671effed586015fb",
        "type": "github"
      },
      "original": {
        "owner": "petitstrawberry",
        "repo": "scarlet-rust-nix",
        "type": "github"
      }
    }
  },
  "root": "root",
  "version": 7
}
